<?xml version="1.0" encoding="utf-8"?>
<Project ToolsVersion="4.0" xmlns="http://schemas.microsoft.com/developer/msbuild/2003">
  <ItemGroup>
    <Filter Include="Header Files">
      <UniqueIdentifier>{93995380-89BD-4b04-88EB-625FBE52EBFB}</UniqueIdentifier>
      <Extensions>h;hpp;hxx;hm;inl;inc;xsd</Extensions>
    </Filter>
    <Filter Include="Demo Source Files">
      <UniqueIdentifier>{d75cb3af-141a-4a87-93bb-4bd48dbb72a2}</UniqueIdentifier>
    </Filter>
    <Filter Include="Source Files">
      <UniqueIdentifier>{4FC737F1-C7A5-4376-A066-2A32D752A2FF}</UniqueIdentifier>
      <Extensions>cpp;c;cc;cxx;def;odl;idl;hpj;bat;asm;asmx</Extensions>
    </Filter>
  </ItemGroup>
  <ItemGroup>
    <ClInclude Include="..\headers\fsmonitor.h">
      <Filter>Header Files</Filter>
    </ClInclude>
    <ClInclude Include="..\headers\fsmonitor_private.h">
      <Filter>Header Files</Filter>
    </ClInclude>
  </ItemGroup>
  <ItemGroup>
    <ClCompile Include="..\src\fsdiff.c">
      <Filter>Source Files</Filter>
    </ClCompile>
    <ClCompile Include="..\src\fstree.c">
      <Filter>Source Files</Filter>
    </ClCompile>
    <ClCompile Include="..\src\fstree_create_win32.c">
      <Filter>Source Files</Filter>
    </ClCompile>
    <ClCompile Include="..\src\fstree_diff.c">
      <Filter>Source Files</Filter>
    </ClCompile>
    <ClCompile Include="fsmonitor_demo.c">
      <Filter>Demo Source Files</Filter>
    </ClCompile>
    <ClCompile Include="..\src\fslistener_win32.c">
      <Filter>Source Files</Filter>
    </ClCompile>
    <ClCompile Include="..\src\fsmonitor.c">
      <Filter>Source Files</Filter>
    </ClCompile>
  </ItemGroup>
</Project>